// !$*UTF8*$!
{
	archiveVersion = 1;
	classes = {
	};
	objectVersion = 50;
	objects = {

/* Begin PBXBuildFile section */
		4532DB1624FB71A800669020 /* AppDelegate.swift in Sources */ = {isa = PBXBuildFile; fileRef = 4532DB1524FB71A800669020 /* AppDelegate.swift */; };
		4532DB1824FB71A800669020 /* SceneDelegate.swift in Sources */ = {isa = PBXBuildFile; fileRef = 4532DB1724FB71A800669020 /* SceneDelegate.swift */; };
		4532DB1A24FB71A800669020 /* ViewController.swift in Sources */ = {isa = PBXBuildFile; fileRef = 4532DB1924FB71A800669020 /* ViewController.swift */; };
		4532DB1D24FB71A800669020 /* Main.storyboard in Resources */ = {isa = PBXBuildFile; fileRef = 4532DB1B24FB71A800669020 /* Main.storyboard */; };
		4532DB1F24FB71AA00669020 /* Assets.xcassets in Resources */ = {isa = PBXBuildFile; fileRef = 4532DB1E24FB71AA00669020 /* Assets.xcassets */; };
		4532DB2224FB71AA00669020 /* LaunchScreen.storyboard in Resources */ = {isa = PBXBuildFile; fileRef = 4532DB2024FB71AA00669020 /* LaunchScreen.storyboard */; };
		4532DB2B24FB728200669020 /* UIViewController.swift in Sources */ = {isa = PBXBuildFile; fileRef = 4532DB2A24FB728200669020 /* UIViewController.swift */; };
		4532DB2D24FB767D00669020 /* UIView.swift in Sources */ = {isa = PBXBuildFile; fileRef = 4532DB2C24FB767D00669020 /* UIView.swift */; };
		4532DB2F24FB76E600669020 /* UIColor.swift in Sources */ = {isa = PBXBuildFile; fileRef = 4532DB2E24FB76E600669020 /* UIColor.swift */; };
		4532DB3224FB798200669020 /* BasicInfoCell.swift in Sources */ = {isa = PBXBuildFile; fileRef = 4532DB3124FB798200669020 /* BasicInfoCell.swift */; };
		4532DB3524FB9C6500669020 /* Webservice.swift in Sources */ = {isa = PBXBuildFile; fileRef = 4532DB3424FB9C6500669020 /* Webservice.swift */; };
		4532DB3824FB9CAF00669020 /* ProfileModel.swift in Sources */ = {isa = PBXBuildFile; fileRef = 4532DB3724FB9CAF00669020 /* ProfileModel.swift */; };
		4532DB3B24FB9E3100669020 /* Profile.json in Resources */ = {isa = PBXBuildFile; fileRef = 4532DB3A24FB9E3100669020 /* Profile.json */; };
		455F977524FCE54E00A8CFE8 /* ChangePass.json in Resources */ = {isa = PBXBuildFile; fileRef = 455F977424FCE54E00A8CFE8 /* ChangePass.json */; };
		455F977724FCEE5500A8CFE8 /* TableDataModel.swift in Sources */ = {isa = PBXBuildFile; fileRef = 455F977624FCEE5500A8CFE8 /* TableDataModel.swift */; };
		455F977924FCF83E00A8CFE8 /* PasswordCell.swift in Sources */ = {isa = PBXBuildFile; fileRef = 455F977824FCF83E00A8CFE8 /* PasswordCell.swift */; };
		455F977B24FCFBD000A8CFE8 /* PasswordModel.swift in Sources */ = {isa = PBXBuildFile; fileRef = 455F977A24FCFBD000A8CFE8 /* PasswordModel.swift */; };
		455F977D24FCFD2600A8CFE8 /* Encodable.swift in Sources */ = {isa = PBXBuildFile; fileRef = 455F977C24FCFD2600A8CFE8 /* Encodable.swift */; };
/* End PBXBuildFile section */

/* Begin PBXFileReference section */
		4532DB1224FB71A800669020 /* iOS Code Challenge.app */ = {isa = PBXFileReference; explicitFileType = wrapper.application; includeInIndex = 0; path = "iOS Code Challenge.app"; sourceTree = BUILT_PRODUCTS_DIR; };
		4532DB1524FB71A800669020 /* AppDelegate.swift */ = {isa = PBXFileReference; lastKnownFileType = sourcecode.swift; path = AppDelegate.swift; sourceTree = "<group>"; };
		4532DB1724FB71A800669020 /* SceneDelegate.swift */ = {isa = PBXFileReference; lastKnownFileType = sourcecode.swift; path = SceneDelegate.swift; sourceTree = "<group>"; };
		4532DB1924FB71A800669020 /* ViewController.swift */ = {isa = PBXFileReference; lastKnownFileType = sourcecode.swift; path = ViewController.swift; sourceTree = "<group>"; };
		4532DB1C24FB71A800669020 /* Base */ = {isa = PBXFileReference; lastKnownFileType = file.storyboard; name = Base; path = Base.lproj/Main.storyboard; sourceTree = "<group>"; };
		4532DB1E24FB71AA00669020 /* Assets.xcassets */ = {isa = PBXFileReference; lastKnownFileType = folder.assetcatalog; path = Assets.xcassets; sourceTree = "<group>"; };
		4532DB2124FB71AA00669020 /* Base */ = {isa = PBXFileReference; lastKnownFileType = file.storyboard; name = Base; path = Base.lproj/LaunchScreen.storyboard; sourceTree = "<group>"; };
		4532DB2324FB71AA00669020 /* Info.plist */ = {isa = PBXFileReference; lastKnownFileType = text.plist.xml; path = Info.plist; sourceTree = "<group>"; };
		4532DB2A24FB728200669020 /* UIViewController.swift */ = {isa = PBXFileReference; lastKnownFileType = sourcecode.swift; path = UIViewController.swift; sourceTree = "<group>"; };
		4532DB2C24FB767D00669020 /* UIView.swift */ = {isa = PBXFileReference; lastKnownFileType = sourcecode.swift; path = UIView.swift; sourceTree = "<group>"; };
		4532DB2E24FB76E600669020 /* UIColor.swift */ = {isa = PBXFileReference; lastKnownFileType = sourcecode.swift; path = UIColor.swift; sourceTree = "<group>"; };
		4532DB3124FB798200669020 /* BasicInfoCell.swift */ = {isa = PBXFileReference; lastKnownFileType = sourcecode.swift; path = BasicInfoCell.swift; sourceTree = "<group>"; };
		4532DB3424FB9C6500669020 /* Webservice.swift */ = {isa = PBXFileReference; lastKnownFileType = sourcecode.swift; path = Webservice.swift; sourceTree = "<group>"; };
		4532DB3724FB9CAF00669020 /* ProfileModel.swift */ = {isa = PBXFileReference; lastKnownFileType = sourcecode.swift; path = ProfileModel.swift; sourceTree = "<group>"; };
		4532DB3A24FB9E3100669020 /* Profile.json */ = {isa = PBXFileReference; fileEncoding = 4; lastKnownFileType = text.json; path = Profile.json; sourceTree = "<group>"; };
		455F977424FCE54E00A8CFE8 /* ChangePass.json */ = {isa = PBXFileReference; fileEncoding = 4; lastKnownFileType = text.json; path = ChangePass.json; sourceTree = "<group>"; };
		455F977624FCEE5500A8CFE8 /* TableDataModel.swift */ = {isa = PBXFileReference; lastKnownFileType = sourcecode.swift; path = TableDataModel.swift; sourceTree = "<group>"; };
		455F977824FCF83E00A8CFE8 /* PasswordCell.swift */ = {isa = PBXFileReference; lastKnownFileType = sourcecode.swift; path = PasswordCell.swift; sourceTree = "<group>"; };
		455F977A24FCFBD000A8CFE8 /* PasswordModel.swift */ = {isa = PBXFileReference; lastKnownFileType = sourcecode.swift; path = PasswordModel.swift; sourceTree = "<group>"; };
		455F977C24FCFD2600A8CFE8 /* Encodable.swift */ = {isa = PBXFileReference; lastKnownFileType = sourcecode.swift; path = Encodable.swift; sourceTree = "<group>"; };
/* End PBXFileReference section */

/* Begin PBXFrameworksBuildPhase section */
		4532DB0F24FB71A800669020 /* Frameworks */ = {
			isa = PBXFrameworksBuildPhase;
			buildActionMask = 2147483647;
			files = (
			);
			runOnlyForDeploymentPostprocessing = 0;
		};
/* End PBXFrameworksBuildPhase section */

/* Begin PBXGroup section */
		4532DB0924FB71A800669020 = {
			isa = PBXGroup;
			children = (
				4532DB1424FB71A800669020 /* iOS Code Challenge */,
				4532DB1324FB71A800669020 /* Products */,
			);
			sourceTree = "<group>";
		};
		4532DB1324FB71A800669020 /* Products */ = {
			isa = PBXGroup;
			children = (
				4532DB1224FB71A800669020 /* iOS Code Challenge.app */,
			);
			name = Products;
			sourceTree = "<group>";
		};
		4532DB1424FB71A800669020 /* iOS Code Challenge */ = {
			isa = PBXGroup;
			children = (
				4532DB3624FB9C9D00669020 /* Model */,
				455F8A6424FC583A00DCB9C1 /* Controller */,
				4532DB3324FB9C5300669020 /* Webservice */,
				4532DB3024FB797600669020 /* Cells */,
				4532DB2924FB727900669020 /* Extensions */,
				4532DB3924FB9E2700669020 /* JSON */,
				4532DB1524FB71A800669020 /* AppDelegate.swift */,
				4532DB1724FB71A800669020 /* SceneDelegate.swift */,
				4532DB1B24FB71A800669020 /* Main.storyboard */,
				4532DB1E24FB71AA00669020 /* Assets.xcassets */,
				4532DB2024FB71AA00669020 /* LaunchScreen.storyboard */,
				4532DB2324FB71AA00669020 /* Info.plist */,
			);
			path = "iOS Code Challenge";
			sourceTree = "<group>";
		};
		4532DB2924FB727900669020 /* Extensions */ = {
			isa = PBXGroup;
			children = (
				4532DB2A24FB728200669020 /* UIViewController.swift */,
				4532DB2C24FB767D00669020 /* UIView.swift */,
				4532DB2E24FB76E600669020 /* UIColor.swift */,
				455F977C24FCFD2600A8CFE8 /* Encodable.swift */,
			);
			path = Extensions;
			sourceTree = "<group>";
		};
		4532DB3024FB797600669020 /* Cells */ = {
			isa = PBXGroup;
			children = (
				4532DB3124FB798200669020 /* BasicInfoCell.swift */,
				455F977824FCF83E00A8CFE8 /* PasswordCell.swift */,
			);
			path = Cells;
			sourceTree = "<group>";
		};
		4532DB3324FB9C5300669020 /* Webservice */ = {
			isa = PBXGroup;
			children = (
				4532DB3424FB9C6500669020 /* Webservice.swift */,
			);
			path = Webservice;
			sourceTree = "<group>";
		};
		4532DB3624FB9C9D00669020 /* Model */ = {
			isa = PBXGroup;
			children = (
				4532DB3724FB9CAF00669020 /* ProfileModel.swift */,
				455F977624FCEE5500A8CFE8 /* TableDataModel.swift */,
				455F977A24FCFBD000A8CFE8 /* PasswordModel.swift */,
			);
			path = Model;
			sourceTree = "<group>";
		};
		4532DB3924FB9E2700669020 /* JSON */ = {
			isa = PBXGroup;
			children = (
				455F977424FCE54E00A8CFE8 /* ChangePass.json */,
				4532DB3A24FB9E3100669020 /* Profile.json */,
			);
			path = JSON;
			sourceTree = "<group>";
		};
		455F8A6424FC583A00DCB9C1 /* Controller */ = {
			isa = PBXGroup;
			children = (
				4532DB1924FB71A800669020 /* ViewController.swift */,
			);
			path = Controller;
			sourceTree = "<group>";
		};
/* End PBXGroup section */

/* Begin PBXNativeTarget section */
		4532DB1124FB71A800669020 /* iOS Code Challenge */ = {
			isa = PBXNativeTarget;
			buildConfigurationList = 4532DB2624FB71AA00669020 /* Build configuration list for PBXNativeTarget "iOS Code Challenge" */;
			buildPhases = (
				4532DB0E24FB71A800669020 /* Sources */,
				4532DB0F24FB71A800669020 /* Frameworks */,
				4532DB1024FB71A800669020 /* Resources */,
			);
			buildRules = (
			);
			dependencies = (
			);
			name = "iOS Code Challenge";
			productName = "iOS Code Challenge";
			productReference = 4532DB1224FB71A800669020 /* iOS Code Challenge.app */;
			productType = "com.apple.product-type.application";
		};
/* End PBXNativeTarget section */

/* Begin PBXProject section */
		4532DB0A24FB71A800669020 /* Project object */ = {
			isa = PBXProject;
			attributes = {
				LastSwiftUpdateCheck = 1160;
				LastUpgradeCheck = 1160;
				ORGANIZATIONNAME = Mustafa;
				TargetAttributes = {
					4532DB1124FB71A800669020 = {
						CreatedOnToolsVersion = 11.6;
					};
				};
			};
			buildConfigurationList = 4532DB0D24FB71A800669020 /* Build configuration list for PBXProject "iOS Code Challenge" */;
			compatibilityVersion = "Xcode 9.3";
			developmentRegion = en;
			hasScannedForEncodings = 0;
			knownRegions = (
				en,
				Base,
			);
			mainGroup = 4532DB0924FB71A800669020;
			productRefGroup = 4532DB1324FB71A800669020 /* Products */;
			projectDirPath = "";
			projectRoot = "";
			targets = (
				4532DB1124FB71A800669020 /* iOS Code Challenge */,
			);
		};
/* End PBXProject section */

/* Begin PBXResourcesBuildPhase section */
		4532DB1024FB71A800669020 /* Resources */ = {
			isa = PBXResourcesBuildPhase;
			buildActionMask = 2147483647;
			files = (
				4532DB2224FB71AA00669020 /* LaunchScreen.storyboard in Resources */,
				455F977524FCE54E00A8CFE8 /* ChangePass.json in Resources */,
				4532DB3B24FB9E3100669020 /* Profile.json in Resources */,
				4532DB1F24FB71AA00669020 /* Assets.xcassets in Resources */,
				4532DB1D24FB71A800669020 /* Main.storyboard in Resources */,
			);
			runOnlyForDeploymentPostprocessing = 0;
		};
/* End PBXResourcesBuildPhase section */

/* Begin PBXSourcesBuildPhase section */
		4532DB0E24FB71A800669020 /* Sources */ = {
			isa = PBXSourcesBuildPhase;
			buildActionMask = 2147483647;
			files = (
				455F977924FCF83E00A8CFE8 /* PasswordCell.swift in Sources */,
				455F977D24FCFD2600A8CFE8 /* Encodable.swift in Sources */,
				4532DB3824FB9CAF00669020 /* ProfileModel.swift in Sources */,
				455F977B24FCFBD000A8CFE8 /* PasswordModel.swift in Sources */,
				4532DB2D24FB767D00669020 /* UIView.swift in Sources */,
				4532DB3224FB798200669020 /* BasicInfoCell.swift in Sources */,
				4532DB3524FB9C6500669020 /* Webservice.swift in Sources */,
				4532DB2F24FB76E600669020 /* UIColor.swift in Sources */,
				4532DB1A24FB71A800669020 /* ViewController.swift in Sources */,
				455F977724FCEE5500A8CFE8 /* TableDataModel.swift in Sources */,
				4532DB1624FB71A800669020 /* AppDelegate.swift in Sources */,
				4532DB2B24FB728200669020 /* UIViewController.swift in Sources */,
				4532DB1824FB71A800669020 /* SceneDelegate.swift in Sources */,
			);
			runOnlyForDeploymentPostprocessing = 0;
		};
/* End PBXSourcesBuildPhase section */

/* Begin PBXVariantGroup section */
		4532DB1B24FB71A800669020 /* Main.storyboard */ = {
			isa = PBXVariantGroup;
			children = (
				4532DB1C24FB71A800669020 /* Base */,
			);
			name = Main.storyboard;
			sourceTree = "<group>";
		};
		4532DB2024FB71AA00669020 /* LaunchScreen.storyboard */ = {
			isa = PBXVariantGroup;
			children = (
				4532DB2124FB71AA00669020 /* Base */,
			);
			name = LaunchScreen.storyboard;
			sourceTree = "<group>";
		};
/* End PBXVariantGroup section */

/* Begin XCBuildConfiguration section */
		4532DB2424FB71AA00669020 /* Debug */ = {
			isa = XCBuildConfiguration;
			buildSettings = {
				ALWAYS_SEARCH_USER_PATHS = NO;
				CLANG_ANALYZER_NONNULL = YES;
				CLANG_ANALYZER_NUMBER_OBJECT_CONVERSION = YES_AGGRESSIVE;
				CLANG_CXX_LANGUAGE_STANDARD = "gnu++14";
				CLANG_CXX_LIBRARY = "libc++";
				CLANG_ENABLE_MODULES = YES;
				CLANG_ENABLE_OBJC_ARC = YES;
				CLANG_ENABLE_OBJC_WEAK = YES;
				CLANG_WARN_BLOCK_CAPTURE_AUTORELEASING = YES;
				CLANG_WARN_BOOL_CONVERSION = YES;
				CLANG_WARN_COMMA = YES;
				CLANG_WARN_CONSTANT_CONVERSION = YES;
				CLANG_WARN_DEPRECATED_OBJC_IMPLEMENTATIONS = YES;
				CLANG_WARN_DIRECT_OBJC_ISA_USAGE = YES_ERROR;
				CLANG_WARN_DOCUMENTATION_COMMENTS = YES;
				CLANG_WARN_EMPTY_BODY = YES;
				CLANG_WARN_ENUM_CONVERSION = YES;
				CLANG_WARN_INFINITE_RECURSION = YES;
				CLANG_WARN_INT_CONVERSION = YES;
				CLANG_WARN_NON_LITERAL_NULL_CONVERSION = YES;
				CLANG_WARN_OBJC_IMPLICIT_RETAIN_SELF = YES;
				CLANG_WARN_OBJC_LITERAL_CONVERSION = YES;
				CLANG_WARN_OBJC_ROOT_CLASS = YES_ERROR;
				CLANG_WARN_RANGE_LOOP_ANALYSIS = YES;
				CLANG_WARN_STRICT_PROTOTYPES = YES;
				CLANG_WARN_SUSPICIOUS_MOVE = YES;
				CLANG_WARN_UNGUARDED_AVAILABILITY = YES_AGGRESSIVE;
				CLANG_WARN_UNREACHABLE_CODE = YES;
				CLANG_WARN__DUPLICATE_METHOD_MATCH = YES;
				COPY_PHASE_STRIP = NO;
				DEBUG_INFORMATION_FORMAT = dwarf;
				ENABLE_STRICT_OBJC_MSGSEND = YES;
				ENABLE_TESTABILITY = YES;
				GCC_C_LANGUAGE_STANDARD = gnu11;
				GCC_DYNAMIC_NO_PIC = NO;
				GCC_NO_COMMON_BLOCKS = YES;
				GCC_OPTIMIZATION_LEVEL = 0;
				GCC_PREPROCESSOR_DEFINITIONS = (
					"DEBUG=1",
					"$(inherited)",
				);
				GCC_WARN_64_TO_32_BIT_CONVERSION = YES;
				GCC_WARN_ABOUT_RETURN_TYPE = YES_ERROR;
				GCC_WARN_UNDECLARED_SELECTOR = YES;
				GCC_WARN_UNINITIALIZED_AUTOS = YES_AGGRESSIVE;
				GCC_WARN_UNUSED_FUNCTION = YES;
				GCC_WARN_UNUSED_VARIABLE = YES;
				IPHONEOS_DEPLOYMENT_TARGET = 13.6;
				MTL_ENABLE_DEBUG_INFO = INCLUDE_SOURCE;
				MTL_FAST_MATH = YES;
				ONLY_ACTIVE_ARCH = YES;
				SDKROOT = iphoneos;
				SWIFT_ACTIVE_COMPILATION_CONDITIONS = DEBUG;
				SWIFT_OPTIMIZATION_LEVEL = "-Onone";
			};
			name = Debug;
		};
		4532DB2524FB71AA00669020 /* Release */ = {
			isa = XCBuildConfiguration;
			buildSettings = {
				ALWAYS_SEARCH_USER_PATHS = NO;
				CLANG_ANALYZER_NONNULL = YES;
				CLANG_ANALYZER_NUMBER_OBJECT_CONVERSION = YES_AGGRESSIVE;
				CLANG_CXX_LANGUAGE_STANDARD = "gnu++14";
				CLANG_CXX_LIBRARY = "libc++";
				CLANG_ENABLE_MODULES = YES;
				CLANG_ENABLE_OBJC_ARC = YES;
				CLANG_ENABLE_OBJC_WEAK = YES;
				CLANG_WARN_BLOCK_CAPTURE_AUTORELEASING = YES;
				CLANG_WARN_BOOL_CONVERSION = YES;
				CLANG_WARN_COMMA = YES;
				CLANG_WARN_CONSTANT_CONVERSION = YES;
				CLANG_WARN_DEPRECATED_OBJC_IMPLEMENTATIONS = YES;
				CLANG_WARN_DIRECT_OBJC_ISA_USAGE = YES_ERROR;
				CLANG_WARN_DOCUMENTATION_COMMENTS = YES;
				CLANG_WARN_EMPTY_BODY = YES;
				CLANG_WARN_ENUM_CONVERSION = YES;
				CLANG_WARN_INFINITE_RECURSION = YES;
				CLANG_WARN_INT_CONVERSION = YES;
				CLANG_WARN_NON_LITERAL_NULL_CONVERSION = YES;
				CLANG_WARN_OBJC_IMPLICIT_RETAIN_SELF = YES;
				CLANG_WARN_OBJC_LITERAL_CONVERSION = YES;
				CLANG_WARN_OBJC_ROOT_CLASS = YES_ERROR;
				CLANG_WARN_RANGE_LOOP_ANALYSIS = YES;
				CLANG_WARN_STRICT_PROTOTYPES = YES;
				CLANG_WARN_SUSPICIOUS_MOVE = YES;
				CLANG_WARN_UNGUARDED_AVAILABILITY = YES_AGGRESSIVE;
				CLANG_WARN_UNREACHABLE_CODE = YES;
				CLANG_WARN__DUPLICATE_METHOD_MATCH = YES;
				COPY_PHASE_STRIP = NO;
				DEBUG_INFORMATION_FORMAT = "dwarf-with-dsym";
				ENABLE_NS_ASSERTIONS = NO;
				ENABLE_STRICT_OBJC_MSGSEND = YES;
				GCC_C_LANGUAGE_STANDARD = gnu11;
				GCC_NO_COMMON_BLOCKS = YES;
				GCC_WARN_64_TO_32_BIT_CONVERSION = YES;
				GCC_WARN_ABOUT_RETURN_TYPE = YES_ERROR;
				GCC_WARN_UNDECLARED_SELECTOR = YES;
				GCC_WARN_UNINITIALIZED_AUTOS = YES_AGGRESSIVE;
				GCC_WARN_UNUSED_FUNCTION = YES;
				GCC_WARN_UNUSED_VARIABLE = YES;
				IPHONEOS_DEPLOYMENT_TARGET = 13.6;
				MTL_ENABLE_DEBUG_INFO = NO;
				MTL_FAST_MATH = YES;
				SDKROOT = iphoneos;
				SWIFT_COMPILATION_MODE = wholemodule;
				SWIFT_OPTIMIZATION_LEVEL = "-O";
				VALIDATE_PRODUCT = YES;
			};
			name = Release;
		};
		4532DB2724FB71AA00669020 /* Debug */ = {
			isa = XCBuildConfiguration;
			buildSettings = {
				ASSETCATALOG_COMPILER_APPICON_NAME = AppIcon;
				CODE_SIGN_STYLE = Automatic;
				INFOPLIST_FILE = "iOS Code Challenge/Info.plist";
				LD_RUNPATH_SEARCH_PATHS = (
					"$(inherited)",
					"@executable_path/Frameworks",
				);
				PRODUCT_BUNDLE_IDENTIFIER = "com.code.challenge.iOS-Code-Challenge";
				PRODUCT_NAME = "$(TARGET_NAME)";
				SWIFT_VERSION = 5.0;
				TARGETED_DEVICE_FAMILY = "1,2";
			};
			name = Debug;
		};
		4532DB2824FB71AA00669020 /* Release */ = {
			isa = XCBuildConfiguration;
			buildSettings = {
				ASSETCATALOG_COMPILER_APPICON_NAME = AppIcon;
				CODE_SIGN_STYLE = Automatic;
				INFOPLIST_FILE = "iOS Code Challenge/Info.plist";
				LD_RUNPATH_SEARCH_PATHS = (
					"$(inherited)",
					"@executable_path/Frameworks",
				);
				PRODUCT_BUNDLE_IDENTIFIER = "com.code.challenge.iOS-Code-Challenge";
				PRODUCT_NAME = "$(TARGET_NAME)";
				SWIFT_VERSION = 5.0;
				TARGETED_DEVICE_FAMILY = "1,2";
			};
			name = Release;
		};
/* End XCBuildConfiguration section */

/* Begin XCConfigurationList section */
		4532DB0D24FB71A800669020 /* Build configuration list for PBXProject "iOS Code Challenge" */ = {
			isa = XCConfigurationList;
			buildConfigurations = (
				4532DB2424FB71AA00669020 /* Debug */,
				4532DB2524FB71AA00669020 /* Release */,
			);
			defaultConfigurationIsVisible = 0;
			defaultConfigurationName = Release;
		};
		4532DB2624FB71AA00669020 /* Build configuration list for PBXNativeTarget "iOS Code Challenge" */ = {
			isa = XCConfigurationList;
			buildConfigurations = (
				4532DB2724FB71AA00669020 /* Debug */,
				4532DB2824FB71AA00669020 /* Release */,
			);
			defaultConfigurationIsVisible = 0;
			defaultConfigurationName = Release;
		};
/* End XCConfigurationList section */
	};
	rootObject = 4532DB0A24FB71A800669020 /* Project object */;
}
